
Microsoft Visual Studio Solution File, Format Version 12.00
# Visual Studio 2012
Project("{FAE04EC0-301F-11D3-BF4B-00C04F79EFBC}") = "DNA.Patterns", "DNA.Patterns\DNA.Patterns.csproj", "{2B49F88B-7ADC-418F-9CBE-74E9C5A7E465}"
EndProject
Global
	GlobalSection(SolutionConfigurationPlatforms) = preSolution
		Debug|Any CPU = Debug|Any CPU
		Release|Any CPU = Release|Any CPU
	EndGlobalSection
	GlobalSection(ProjectConfigurationPlatforms) = postSolution
		{2B49F88B-7ADC-418F-9CBE-74E9C5A7E465}.Debug|Any CPU.ActiveCfg = Debug|Any CPU
		{2B49F88B-7ADC-418F-9CBE-74E9C5A7E465}.Debug|Any CPU.Build.0 = Debug|Any CPU
		{2B49F88B-7ADC-418F-9CBE-74E9C5A7E465}.Release|Any CPU.ActiveCfg = Release|Any CPU
		{2B49F88B-7ADC-418F-9CBE-74E9C5A7E465}.Release|Any CPU.Build.0 = Release|Any CPU
	EndGlobalSection
	GlobalSection(SolutionProperties) = preSolution
		HideSolutionNode = FALSE
	EndGlobalSection
EndGlobal
